
Microsoft Visual Studio Solution File, Format Version 12.00
# Visual Studio 2012
Project("{FAE04EC0-301F-11D3-BF4B-00C04F79EFBC}") = "File-Searcher", "File-Searcher\File-Searcher.csproj", "{5AFE55D5-E24E-4217-BDFA-0D0C1F95A149}"
EndProject
Global
	GlobalSection(SolutionConfigurationPlatforms) = preSolution
		Debug|Any CPU = Debug|Any CPU
		Release|Any CPU = Release|Any CPU
	EndGlobalSection
	GlobalSection(ProjectConfigurationPlatforms) = postSolution
		{5AFE55D5-E24E-4217-BDFA-0D0C1F95A149}.Debug|Any CPU.ActiveCfg = Debug|Any CPU
		{5AFE55D5-E24E-4217-BDFA-0D0C1F95A149}.Debug|Any CPU.Build.0 = Debug|Any CPU
		{5AFE55D5-E24E-4217-BDFA-0D0C1F95A149}.Release|Any CPU.ActiveCfg = Release|Any CPU
		{5AFE55D5-E24E-4217-BDFA-0D0C1F95A149}.Release|Any CPU.Build.0 = Release|Any CPU
	EndGlobalSection
	GlobalSection(SolutionProperties) = preSolution
		HideSolutionNode = FALSE
	EndGlobalSection
EndGlobal
